{
  "object": {
    "pins": [
      {
        "package": "Facebook",
        "repositoryURL": "https://github.com/facebook/facebook-ios-sdk",
        "state": {
          "branch": "main",
          "revision": "c26222e7ee17d19f5145b56f0c6ff901af8e1876",
          "version": null
        }
      }
    ]
  },
  "version": 1
}
